
Microsoft Visual Studio Solution File, Format Version 12.00
# Visual Studio Version 17
VisualStudioVersion = 17.4.33403.182
MinimumVisualStudioVersion = 10.0.40219.1
Project("{2150E333-8FDC-42A3-9474-1A3956D46DE8}") = "src", "src", "{DCAA095E-2796-41FA-A1D0-1134E29309E7}"
EndProject
Project("{2150E333-8FDC-42A3-9474-1A3956D46DE8}") = "tests", "tests", "{06861454-9561-492A-9F93-A33B6F7AE3AB}"
EndProject
Project("{2150E333-8FDC-42A3-9474-1A3956D46DE8}") = "unit", "unit", "{C778E127-C02C-4A37-8E85-3D86DCC063DC}"
EndProject
Project("{2150E333-8FDC-42A3-9474-1A3956D46DE8}") = "acceptance", "acceptance", "{93EBAE55-A8BA-40FF-93AA-7D9E4359B6B9}"
EndProject
Project("{2150E333-8FDC-42A3-9474-1A3956D46DE8}") = "Assignment1", "Assignment1", "{02EA681E-C7D8-13C7-8484-4AC65E1B71E8}"
EndProject
Project("{FAE04EC0-301F-11D3-BF4B-00C04F79EFBC}") = "ContactManager", "src\Assignment1\ContactManager\ContactManager.csproj", "{C2F7CC9A-9265-0B69-2EDD-859F3EE4907A}"
EndProject
Project("{2150E333-8FDC-42A3-9474-1A3956D46DE8}") = "Assignment2", "Assignment2", "{02EA681E-C7D8-13C7-8484-4AC65E1B71E8}"
EndProject
Project("{2150E333-8FDC-42A3-9474-1A3956D46DE8}") = "Task1", "Task1", "{28FE61EC-A958-4111-8520-A23AE0BC0680}"
EndProject
Project("{FAE04EC0-301F-11D3-BF4B-00C04F79EFBC}") = "ShapeHierarchy", "src\Assignment2\Task1\ShapeHierarchy\ShapeHierarchy.csproj", "{F9941C3F-29AA-4732-A2D0-AD82CFCD1374}"
EndProject
Project("{2150E333-8FDC-42A3-9474-1A3956D46DE8}") = "Task2", "Task2", "{0A4D9A09-3542-4A34-8A14-B3B12D8C0520}"
EndProject
Project("{FAE04EC0-301F-11D3-BF4B-00C04F79EFBC}") = "EmployeeHierarchy", "src\Assignment2\Task2\EmployeeHierarchy\EmployeeHierarchy.csproj", "{6A606D48-8CE2-4CB9-B243-7A8DABC101F4}"
EndProject
Project("{2150E333-8FDC-42A3-9474-1A3956D46DE8}") = "Task3", "Task3", "{755F2364-7C0F-43E4-9F8D-8CD3A5E8CAF5}"
EndProject
Project("{FAE04EC0-301F-11D3-BF4B-00C04F79EFBC}") = "BankingSystem", "src\Assignment2\Task3\BankingSystem\BankingSystem.csproj", "{B605730D-C498-4DF4-A4A6-25AAF24107F9}"
EndProject
Global
	GlobalSection(SolutionConfigurationPlatforms) = preSolution
		Debug|Any CPU = Debug|Any CPU
		Release|Any CPU = Release|Any CPU
	EndGlobalSection
	GlobalSection(ProjectConfigurationPlatforms) = postSolution
		{C2F7CC9A-9265-0B69-2EDD-859F3EE4907A}.Debug|Any CPU.ActiveCfg = Debug|Any CPU
		{C2F7CC9A-9265-0B69-2EDD-859F3EE4907A}.Debug|Any CPU.Build.0 = Debug|Any CPU
		{C2F7CC9A-9265-0B69-2EDD-859F3EE4907A}.Release|Any CPU.ActiveCfg = Release|Any CPU
		{C2F7CC9A-9265-0B69-2EDD-859F3EE4907A}.Release|Any CPU.Build.0 = Release|Any CPU
		{F9941C3F-29AA-4732-A2D0-AD82CFCD1374}.Debug|Any CPU.ActiveCfg = Debug|Any CPU
		{F9941C3F-29AA-4732-A2D0-AD82CFCD1374}.Debug|Any CPU.Build.0 = Debug|Any CPU
		{F9941C3F-29AA-4732-A2D0-AD82CFCD1374}.Release|Any CPU.ActiveCfg = Release|Any CPU
		{F9941C3F-29AA-4732-A2D0-AD82CFCD1374}.Release|Any CPU.Build.0 = Release|Any CPU
		{6A606D48-8CE2-4CB9-B243-7A8DABC101F4}.Debug|Any CPU.ActiveCfg = Debug|Any CPU
		{6A606D48-8CE2-4CB9-B243-7A8DABC101F4}.Debug|Any CPU.Build.0 = Debug|Any CPU
		{6A606D48-8CE2-4CB9-B243-7A8DABC101F4}.Release|Any CPU.ActiveCfg = Release|Any CPU
		{6A606D48-8CE2-4CB9-B243-7A8DABC101F4}.Release|Any CPU.Build.0 = Release|Any CPU
		{B605730D-C498-4DF4-A4A6-25AAF24107F9}.Debug|Any CPU.ActiveCfg = Debug|Any CPU
		{B605730D-C498-4DF4-A4A6-25AAF24107F9}.Debug|Any CPU.Build.0 = Debug|Any CPU
		{B605730D-C498-4DF4-A4A6-25AAF24107F9}.Release|Any CPU.ActiveCfg = Release|Any CPU
		{B605730D-C498-4DF4-A4A6-25AAF24107F9}.Release|Any CPU.Build.0 = Release|Any CPU
	EndGlobalSection
	GlobalSection(SolutionProperties) = preSolution
		HideSolutionNode = FALSE
	EndGlobalSection
	GlobalSection(NestedProjects) = preSolution
		{C778E127-C02C-4A37-8E85-3D86DCC063DC} = {06861454-9561-492A-9F93-A33B6F7AE3AB}
		{93EBAE55-A8BA-40FF-93AA-7D9E4359B6B9} = {06861454-9561-492A-9F93-A33B6F7AE3AB}
		{02EA681E-C7D8-13C7-8484-4AC65E1B71E8} = {DCAA095E-2796-41FA-A1D0-1134E29309E7}
		{C2F7CC9A-9265-0B69-2EDD-859F3EE4907A} = {02EA681E-C7D8-13C7-8484-4AC65E1B71E8}
		{28FE61EC-A958-4111-8520-A23AE0BC0680} = {02EA681E-C7D8-13C7-8484-4AC65E1B71E8}
		{F9941C3F-29AA-4732-A2D0-AD82CFCD1374} = {28FE61EC-A958-4111-8520-A23AE0BC0680}
		{0A4D9A09-3542-4A34-8A14-B3B12D8C0520} = {02EA681E-C7D8-13C7-8484-4AC65E1B71E8}
		{6A606D48-8CE2-4CB9-B243-7A8DABC101F4} = {0A4D9A09-3542-4A34-8A14-B3B12D8C0520}
		{755F2364-7C0F-43E4-9F8D-8CD3A5E8CAF5} = {02EA681E-C7D8-13C7-8484-4AC65E1B71E8}
		{B605730D-C498-4DF4-A4A6-25AAF24107F9} = {755F2364-7C0F-43E4-9F8D-8CD3A5E8CAF5}
	EndGlobalSection
	GlobalSection(ExtensibilityGlobals) = postSolution
		SolutionGuid = {D4CECB66-8E11-49D9-AA1E-464EE0231450}
	EndGlobalSection
EndGlobal
